// !$*UTF8*$!
{
	archiveVersion = 1;
	classes = {
	};
	objectVersion = 50;
	objects = {

/* Begin PBXBuildFile section */
		CD688C9B25139C0D00CA0379 /* AppDelegate.swift in Sources */ = {isa = PBXBuildFile; fileRef = CD688C9A25139C0D00CA0379 /* AppDelegate.swift */; };
		CD688C9D25139C0D00CA0379 /* SceneDelegate.swift in Sources */ = {isa = PBXBuildFile; fileRef = CD688C9C25139C0D00CA0379 /* SceneDelegate.swift */; };
		CD688C9F25139C0D00CA0379 /* ViewController.swift in Sources */ = {isa = PBXBuildFile; fileRef = CD688C9E25139C0D00CA0379 /* ViewController.swift */; };
		CD688CA225139C0D00CA0379 /* Main.storyboard in Resources */ = {isa = PBXBuildFile; fileRef = CD688CA025139C0D00CA0379 /* Main.storyboard */; };
		CD688CA425139C0F00CA0379 /* Assets.xcassets in Resources */ = {isa = PBXBuildFile; fileRef = CD688CA325139C0F00CA0379 /* Assets.xcassets */; };
		CD688CA725139C0F00CA0379 /* LaunchScreen.storyboard in Resources */ = {isa = PBXBuildFile; fileRef = CD688CA525139C0F00CA0379 /* LaunchScreen.storyboard */; };
		CD688CB025139F3B00CA0379 /* WebKit.framework in Frameworks */ = {isa = PBXBuildFile; fileRef = CD688CAF25139F3B00CA0379 /* WebKit.framework */; };
/* End PBXBuildFile section */

/* Begin PBXFileReference section */
		CD688C9725139C0D00CA0379 /* WebViewExample.app */ = {isa = PBXFileReference; explicitFileType = wrapper.application; includeInIndex = 0; path = WebViewExample.app; sourceTree = BUILT_PRODUCTS_DIR; };
		CD688C9A25139C0D00CA0379 /* AppDelegate.swift */ = {isa = PBXFileReference; lastKnownFileType = sourcecode.swift; path = AppDelegate.swift; sourceTree = "<group>"; };
		CD688C9C25139C0D00CA0379 /* SceneDelegate.swift */ = {isa = PBXFileReference; lastKnownFileType = sourcecode.swift; path = SceneDelegate.swift; sourceTree = "<group>"; };
		CD688C9E25139C0D00CA0379 /* ViewController.swift */ = {isa = PBXFileReference; lastKnownFileType = sourcecode.swift; path = ViewController.swift; sourceTree = "<group>"; };
		CD688CA125139C0D00CA0379 /* Base */ = {isa = PBXFileReference; lastKnownFileType = file.storyboard; name = Base; path = Base.lproj/Main.storyboard; sourceTree = "<group>"; };
		CD688CA325139C0F00CA0379 /* Assets.xcassets */ = {isa = PBXFileReference; lastKnownFileType = folder.assetcatalog; path = Assets.xcassets; sourceTree = "<group>"; };
		CD688CA625139C0F00CA0379 /* Base */ = {isa = PBXFileReference; lastKnownFileType = file.storyboard; name = Base; path = Base.lproj/LaunchScreen.storyboard; sourceTree = "<group>"; };
		CD688CA825139C0F00CA0379 /* Info.plist */ = {isa = PBXFileReference; lastKnownFileType = text.plist.xml; path = Info.plist; sourceTree = "<group>"; };
		CD688CAF25139F3B00CA0379 /* WebKit.framework */ = {isa = PBXFileReference; lastKnownFileType = wrapper.framework; name = WebKit.framework; path = System/Library/Frameworks/WebKit.framework; sourceTree = SDKROOT; };
/* End PBXFileReference section */

/* Begin PBXFrameworksBuildPhase section */
		CD688C9425139C0D00CA0379 /* Frameworks */ = {
			isa = PBXFrameworksBuildPhase;
			buildActionMask = 2147483647;
			files = (
				CD688CB025139F3B00CA0379 /* WebKit.framework in Frameworks */,
			);
			runOnlyForDeploymentPostprocessing = 0;
		};
/* End PBXFrameworksBuildPhase section */

/* Begin PBXGroup section */
		CD688C8E25139C0D00CA0379 = {
			isa = PBXGroup;
			children = (
				CD688C9925139C0D00CA0379 /* WebViewExample */,
				CD688C9825139C0D00CA0379 /* Products */,
				CD688CAE25139F3A00CA0379 /* Frameworks */,
			);
			sourceTree = "<group>";
		};
		CD688C9825139C0D00CA0379 /* Products */ = {
			isa = PBXGroup;
			children = (
				CD688C9725139C0D00CA0379 /* WebViewExample.app */,
			);
			name = Products;
			sourceTree = "<group>";
		};
		CD688C9925139C0D00CA0379 /* WebViewExample */ = {
			isa = PBXGroup;
			children = (
				CD688C9A25139C0D00CA0379 /* AppDelegate.swift */,
				CD688C9C25139C0D00CA0379 /* SceneDelegate.swift */,
				CD688C9E25139C0D00CA0379 /* ViewController.swift */,
				CD688CA025139C0D00CA0379 /* Main.storyboard */,
				CD688CA325139C0F00CA0379 /* Assets.xcassets */,
				CD688CA525139C0F00CA0379 /* LaunchScreen.storyboard */,
				CD688CA825139C0F00CA0379 /* Info.plist */,
			);
			path = WebViewExample;
			sourceTree = "<group>";
		};
		CD688CAE25139F3A00CA0379 /* Frameworks */ = {
			isa = PBXGroup;
			children = (
				CD688CAF25139F3B00CA0379 /* WebKit.framework */,
			);
			name = Frameworks;
			sourceTree = "<group>";
		};
/* End PBXGroup section */

/* Begin PBXNativeTarget section */
		CD688C9625139C0D00CA0379 /* WebViewExample */ = {
			isa = PBXNativeTarget;
			buildConfigurationList = CD688CAB25139C0F00CA0379 /* Build configuration list for PBXNativeTarget "WebViewExample" */;
			buildPhases = (
				CD688C9325139C0D00CA0379 /* Sources */,
				CD688C9425139C0D00CA0379 /* Frameworks */,
				CD688C9525139C0D00CA0379 /* Resources */,
			);
			buildRules = (
			);
			dependencies = (
			);
			name = WebViewExample;
			productName = WebViewExample;
			productReference = CD688C9725139C0D00CA0379 /* WebViewExample.app */;
			productType = "com.apple.product-type.application";
		};
/* End PBXNativeTarget section */

/* Begin PBXProject section */
		CD688C8F25139C0D00CA0379 /* Project object */ = {
			isa = PBXProject;
			attributes = {
				LastSwiftUpdateCheck = 1160;
				LastUpgradeCheck = 1160;
				ORGANIZATIONNAME = "Юлия Воротченко";
				TargetAttributes = {
					CD688C9625139C0D00CA0379 = {
						CreatedOnToolsVersion = 11.6;
					};
				};
			};
			buildConfigurationList = CD688C9225139C0D00CA0379 /* Build configuration list for PBXProject "WebViewExample" */;
			compatibilityVersion = "Xcode 9.3";
			developmentRegion = en;
			hasScannedForEncodings = 0;
			knownRegions = (
				en,
				Base,
			);
			mainGroup = CD688C8E25139C0D00CA0379;
			productRefGroup = CD688C9825139C0D00CA0379 /* Products */;
			projectDirPath = "";
			projectRoot = "";
			targets = (
				CD688C9625139C0D00CA0379 /* WebViewExample */,
			);
		};
/* End PBXProject section */

/* Begin PBXResourcesBuildPhase section */
		CD688C9525139C0D00CA0379 /* Resources */ = {
			isa = PBXResourcesBuildPhase;
			buildActionMask = 2147483647;
			files = (
				CD688CA725139C0F00CA0379 /* LaunchScreen.storyboard in Resources */,
				CD688CA425139C0F00CA0379 /* Assets.xcassets in Resources */,
				CD688CA225139C0D00CA0379 /* Main.storyboard in Resources */,
			);
			runOnlyForDeploymentPostprocessing = 0;
		};
/* End PBXResourcesBuildPhase section */

/* Begin PBXSourcesBuildPhase section */
		CD688C9325139C0D00CA0379 /* Sources */ = {
			isa = PBXSourcesBuildPhase;
			buildActionMask = 2147483647;
			files = (
				CD688C9F25139C0D00CA0379 /* ViewController.swift in Sources */,
				CD688C9B25139C0D00CA0379 /* AppDelegate.swift in Sources */,
				CD688C9D25139C0D00CA0379 /* SceneDelegate.swift in Sources */,
			);
			runOnlyForDeploymentPostprocessing = 0;
		};
/* End PBXSourcesBuildPhase section */

/* Begin PBXVariantGroup section */
		CD688CA025139C0D00CA0379 /* Main.storyboard */ = {
			isa = PBXVariantGroup;
			children = (
				CD688CA125139C0D00CA0379 /* Base */,
			);
			name = Main.storyboard;
			sourceTree = "<group>";
		};
		CD688CA525139C0F00CA0379 /* LaunchScreen.storyboard */ = {
			isa = PBXVariantGroup;
			children = (
				CD688CA625139C0F00CA0379 /* Base */,
			);
			name = LaunchScreen.storyboard;
			sourceTree = "<group>";
		};
/* End PBXVariantGroup section */

/* Begin XCBuildConfiguration section */
		CD688CA925139C0F00CA0379 /* Debug */ = {
			isa = XCBuildConfiguration;
			buildSettings = {
				ALWAYS_SEARCH_USER_PATHS = NO;
				CLANG_ANALYZER_NONNULL = YES;
				CLANG_ANALYZER_NUMBER_OBJECT_CONVERSION = YES_AGGRESSIVE;
				CLANG_CXX_LANGUAGE_STANDARD = "gnu++14";
				CLANG_CXX_LIBRARY = "libc++";
				CLANG_ENABLE_MODULES = YES;
				CLANG_ENABLE_OBJC_ARC = YES;
				CLANG_ENABLE_OBJC_WEAK = YES;
				CLANG_WARN_BLOCK_CAPTURE_AUTORELEASING = YES;
				CLANG_WARN_BOOL_CONVERSION = YES;
				CLANG_WARN_COMMA = YES;
				CLANG_WARN_CONSTANT_CONVERSION = YES;
				CLANG_WARN_DEPRECATED_OBJC_IMPLEMENTATIONS = YES;
				CLANG_WARN_DIRECT_OBJC_ISA_USAGE = YES_ERROR;
				CLANG_WARN_DOCUMENTATION_COMMENTS = YES;
				CLANG_WARN_EMPTY_BODY = YES;
				CLANG_WARN_ENUM_CONVERSION = YES;
				CLANG_WARN_INFINITE_RECURSION = YES;
				CLANG_WARN_INT_CONVERSION = YES;
				CLANG_WARN_NON_LITERAL_NULL_CONVERSION = YES;
				CLANG_WARN_OBJC_IMPLICIT_RETAIN_SELF = YES;
				CLANG_WARN_OBJC_LITERAL_CONVERSION = YES;
				CLANG_WARN_OBJC_ROOT_CLASS = YES_ERROR;
				CLANG_WARN_RANGE_LOOP_ANALYSIS = YES;
				CLANG_WARN_STRICT_PROTOTYPES = YES;
				CLANG_WARN_SUSPICIOUS_MOVE = YES;
				CLANG_WARN_UNGUARDED_AVAILABILITY = YES_AGGRESSIVE;
				CLANG_WARN_UNREACHABLE_CODE = YES;
				CLANG_WARN__DUPLICATE_METHOD_MATCH = YES;
				COPY_PHASE_STRIP = NO;
				DEBUG_INFORMATION_FORMAT = dwarf;
				ENABLE_STRICT_OBJC_MSGSEND = YES;
				ENABLE_TESTABILITY = YES;
				GCC_C_LANGUAGE_STANDARD = gnu11;
				GCC_DYNAMIC_NO_PIC = NO;
				GCC_NO_COMMON_BLOCKS = YES;
				GCC_OPTIMIZATION_LEVEL = 0;
				GCC_PREPROCESSOR_DEFINITIONS = (
					"DEBUG=1",
					"$(inherited)",
				);
				GCC_WARN_64_TO_32_BIT_CONVERSION = YES;
				GCC_WARN_ABOUT_RETURN_TYPE = YES_ERROR;
				GCC_WARN_UNDECLARED_SELECTOR = YES;
				GCC_WARN_UNINITIALIZED_AUTOS = YES_AGGRESSIVE;
				GCC_WARN_UNUSED_FUNCTION = YES;
				GCC_WARN_UNUSED_VARIABLE = YES;
				IPHONEOS_DEPLOYMENT_TARGET = 13.6;
				MTL_ENABLE_DEBUG_INFO = INCLUDE_SOURCE;
				MTL_FAST_MATH = YES;
				ONLY_ACTIVE_ARCH = YES;
				SDKROOT = iphoneos;
				SWIFT_ACTIVE_COMPILATION_CONDITIONS = DEBUG;
				SWIFT_OPTIMIZATION_LEVEL = "-Onone";
			};
			name = Debug;
		};
		CD688CAA25139C0F00CA0379 /* Release */ = {
			isa = XCBuildConfiguration;
			buildSettings = {
				ALWAYS_SEARCH_USER_PATHS = NO;
				CLANG_ANALYZER_NONNULL = YES;
				CLANG_ANALYZER_NUMBER_OBJECT_CONVERSION = YES_AGGRESSIVE;
				CLANG_CXX_LANGUAGE_STANDARD = "gnu++14";
				CLANG_CXX_LIBRARY = "libc++";
				CLANG_ENABLE_MODULES = YES;
				CLANG_ENABLE_OBJC_ARC = YES;
				CLANG_ENABLE_OBJC_WEAK = YES;
				CLANG_WARN_BLOCK_CAPTURE_AUTORELEASING = YES;
				CLANG_WARN_BOOL_CONVERSION = YES;
				CLANG_WARN_COMMA = YES;
				CLANG_WARN_CONSTANT_CONVERSION = YES;
				CLANG_WARN_DEPRECATED_OBJC_IMPLEMENTATIONS = YES;
				CLANG_WARN_DIRECT_OBJC_ISA_USAGE = YES_ERROR;
				CLANG_WARN_DOCUMENTATION_COMMENTS = YES;
				CLANG_WARN_EMPTY_BODY = YES;
				CLANG_WARN_ENUM_CONVERSION = YES;
				CLANG_WARN_INFINITE_RECURSION = YES;
				CLANG_WARN_INT_CONVERSION = YES;
				CLANG_WARN_NON_LITERAL_NULL_CONVERSION = YES;
				CLANG_WARN_OBJC_IMPLICIT_RETAIN_SELF = YES;
				CLANG_WARN_OBJC_LITERAL_CONVERSION = YES;
				CLANG_WARN_OBJC_ROOT_CLASS = YES_ERROR;
				CLANG_WARN_RANGE_LOOP_ANALYSIS = YES;
				CLANG_WARN_STRICT_PROTOTYPES = YES;
				CLANG_WARN_SUSPICIOUS_MOVE = YES;
				CLANG_WARN_UNGUARDED_AVAILABILITY = YES_AGGRESSIVE;
				CLANG_WARN_UNREACHABLE_CODE = YES;
				CLANG_WARN__DUPLICATE_METHOD_MATCH = YES;
				COPY_PHASE_STRIP = NO;
				DEBUG_INFORMATION_FORMAT = "dwarf-with-dsym";
				ENABLE_NS_ASSERTIONS = NO;
				ENABLE_STRICT_OBJC_MSGSEND = YES;
				GCC_C_LANGUAGE_STANDARD = gnu11;
				GCC_NO_COMMON_BLOCKS = YES;
				GCC_WARN_64_TO_32_BIT_CONVERSION = YES;
				GCC_WARN_ABOUT_RETURN_TYPE = YES_ERROR;
				GCC_WARN_UNDECLARED_SELECTOR = YES;
				GCC_WARN_UNINITIALIZED_AUTOS = YES_AGGRESSIVE;
				GCC_WARN_UNUSED_FUNCTION = YES;
				GCC_WARN_UNUSED_VARIABLE = YES;
				IPHONEOS_DEPLOYMENT_TARGET = 13.6;
				MTL_ENABLE_DEBUG_INFO = NO;
				MTL_FAST_MATH = YES;
				SDKROOT = iphoneos;
				SWIFT_COMPILATION_MODE = wholemodule;
				SWIFT_OPTIMIZATION_LEVEL = "-O";
				VALIDATE_PRODUCT = YES;
			};
			name = Release;
		};
		CD688CAC25139C0F00CA0379 /* Debug */ = {
			isa = XCBuildConfiguration;
			buildSettings = {
				ASSETCATALOG_COMPILER_APPICON_NAME = AppIcon;
				CODE_SIGN_STYLE = Automatic;
				INFOPLIST_FILE = WebViewExample/Info.plist;
				IPHONEOS_DEPLOYMENT_TARGET = 13.5;
				LD_RUNPATH_SEARCH_PATHS = (
					"$(inherited)",
					"@executable_path/Frameworks",
				);
				PRODUCT_BUNDLE_IDENTIFIER = XoXo.WebViewExample;
				PRODUCT_NAME = "$(TARGET_NAME)";
				SWIFT_VERSION = 5.0;
				TARGETED_DEVICE_FAMILY = 1;
			};
			name = Debug;
		};
		CD688CAD25139C0F00CA0379 /* Release */ = {
			isa = XCBuildConfiguration;
			buildSettings = {
				ASSETCATALOG_COMPILER_APPICON_NAME = AppIcon;
				CODE_SIGN_STYLE = Automatic;
				INFOPLIST_FILE = WebViewExample/Info.plist;
				IPHONEOS_DEPLOYMENT_TARGET = 13.5;
				LD_RUNPATH_SEARCH_PATHS = (
					"$(inherited)",
					"@executable_path/Frameworks",
				);
				PRODUCT_BUNDLE_IDENTIFIER = XoXo.WebViewExample;
				PRODUCT_NAME = "$(TARGET_NAME)";
				SWIFT_VERSION = 5.0;
				TARGETED_DEVICE_FAMILY = 1;
			};
			name = Release;
		};
/* End XCBuildConfiguration section */

/* Begin XCConfigurationList section */
		CD688C9225139C0D00CA0379 /* Build configuration list for PBXProject "WebViewExample" */ = {
			isa = XCConfigurationList;
			buildConfigurations = (
				CD688CA925139C0F00CA0379 /* Debug */,
				CD688CAA25139C0F00CA0379 /* Release */,
			);
			defaultConfigurationIsVisible = 0;
			defaultConfigurationName = Release;
		};
		CD688CAB25139C0F00CA0379 /* Build configuration list for PBXNativeTarget "WebViewExample" */ = {
			isa = XCConfigurationList;
			buildConfigurations = (
				CD688CAC25139C0F00CA0379 /* Debug */,
				CD688CAD25139C0F00CA0379 /* Release */,
			);
			defaultConfigurationIsVisible = 0;
			defaultConfigurationName = Release;
		};
/* End XCConfigurationList section */
	};
	rootObject = CD688C8F25139C0D00CA0379 /* Project object */;
}
